
Microsoft Visual Studio Solution File, Format Version 12.00
# Visual Studio Version 16
VisualStudioVersion = 16.0.30413.136
MinimumVisualStudioVersion = 10.0.40219.1
Project("{FAE04EC0-301F-11D3-BF4B-00C04F79EFBC}") = "ForstaUppgiften", "ForstaUppgiften\ForstaUppgiften.csproj", "{7C4B6AD2-7FAD-4BF5-A230-15FA5DBD5193}"
EndProject
Global
	GlobalSection(SolutionConfigurationPlatforms) = preSolution
		Debug|Any CPU = Debug|Any CPU
		Release|Any CPU = Release|Any CPU
	EndGlobalSection
	GlobalSection(ProjectConfigurationPlatforms) = postSolution
		{7C4B6AD2-7FAD-4BF5-A230-15FA5DBD5193}.Debug|Any CPU.ActiveCfg = Debug|Any CPU
		{7C4B6AD2-7FAD-4BF5-A230-15FA5DBD5193}.Debug|Any CPU.Build.0 = Debug|Any CPU
		{7C4B6AD2-7FAD-4BF5-A230-15FA5DBD5193}.Release|Any CPU.ActiveCfg = Release|Any CPU
		{7C4B6AD2-7FAD-4BF5-A230-15FA5DBD5193}.Release|Any CPU.Build.0 = Release|Any CPU
	EndGlobalSection
	GlobalSection(SolutionProperties) = preSolution
		HideSolutionNode = FALSE
	EndGlobalSection
	GlobalSection(ExtensibilityGlobals) = postSolution
		SolutionGuid = {52B49CBA-6C4D-440E-B921-9CD2B2F2F655}
	EndGlobalSection
EndGlobal
